PODS:
  - Alamofire (5.9.1)
  - Factory (2.3.2)
  - Kingfisher (7.10.2)
  - PhoneNumberKit (3.3.3):
    - PhoneNumberKit/PhoneNumberKitCore (= 3.3.3)
    - PhoneNumberKit/UIKit (= 3.3.3)
  - PhoneNumberKit/PhoneNumberKitCore (3.3.3)
  - PhoneNumberKit/UIKit (3.3.3):
    - PhoneNumberKit/PhoneNumberKitCore
  - SnapKit (5.7.1)

DEPENDENCIES:
  - Alamofire (~> 5.9.0)
  - Factory (~> 2.3.2)
  - Kingfisher (~> 7.10.1)
  - PhoneNumberKit (= 3.3.3)
  - SnapKit

SPEC REPOS:
  trunk:
    - Alamofire
    - Factory
    - Kingfisher
    - PhoneNumberKit
    - SnapKit

SPEC CHECKSUMS:
  Alamofire: f36a35757af4587d8e4f4bfa223ad10be2422b8c
  Factory: 3a9d0809910130d609b34d4554828e6ecce519ff
  Kingfisher: 99edc495d3b7607e6425f0d6f6847b2abd6d716d
  PhoneNumberKit: 4ce83273551c4d2ae10b7361162f4283dd02835f
  SnapKit: d612e99e678a2d3b95bf60b0705ed0a35c03484a

PODFILE CHECKSUM: 9c55dfc118cae1b8ee1e7f7600eabcb5355ccad0

COCOAPODS: 1.15.2
